
Microsoft Visual Studio Solution File, Format Version 12.00
Project("{2150E333-8FDC-42A3-9474-1A3956D46DE8}") = "src", "src", "{59DC11A8-AD07-4D97-9581-8F3EF8BECAB9}"
	ProjectSection(SolutionItems) = preProject
		src\.gitignore = src\.gitignore
		docker-compose.yml = docker-compose.yml
	EndProjectSection
EndProject
Project("{2150E333-8FDC-42A3-9474-1A3956D46DE8}") = "corePackages", "corePackages", "{61C4D6FC-8E1D-4EED-BB36-83F7129713FD}"
EndProject
Project("{2150E333-8FDC-42A3-9474-1A3956D46DE8}") = "erpaKablo", "erpaKablo", "{36EC732C-D5E0-463D-845F-FE49E5069761}"
EndProject
Project("{FAE04EC0-301F-11D3-BF4B-00C04F79EFBC}") = "Core.Persistence", "src\corePackages\Core.Persistence\Core.Persistence.csproj", "{57900ABE-768D-4B7C-8664-CC981D7062D5}"
EndProject
Project("{FAE04EC0-301F-11D3-BF4B-00C04F79EFBC}") = "Core.Application", "src\corePackages\Core.Application\Core.Application.csproj", "{468E0103-8777-4CA8-885C-2AB7EE3357A6}"
EndProject
Project("{FAE04EC0-301F-11D3-BF4B-00C04F79EFBC}") = "Application", "src\erpaKablo\Application\Application.csproj", "{763D8148-148B-4B5E-9295-11ADB7ED3319}"
EndProject
Project("{FAE04EC0-301F-11D3-BF4B-00C04F79EFBC}") = "Domain", "src\erpaKablo\Domain\Domain.csproj", "{99B527E2-810E-410A-858A-DAD08819FC13}"
EndProject
Project("{FAE04EC0-301F-11D3-BF4B-00C04F79EFBC}") = "Infrastructure", "src\erpaKablo\Infrastructure\Infrastructure.csproj", "{BE9AD1BA-34A3-4201-8473-C5E38F8E5C5E}"
EndProject
Project("{FAE04EC0-301F-11D3-BF4B-00C04F79EFBC}") = "Persistence", "src\erpaKablo\Persistence\Persistence.csproj", "{53E5AE57-8089-41C9-977D-B729A76DAC99}"
EndProject
Project("{FAE04EC0-301F-11D3-BF4B-00C04F79EFBC}") = "Core.CrossCuttingConcerns", "src\corePackages\Core.CrossCuttingConcerns\Core.CrossCuttingConcerns.csproj", "{B9425E1B-66DE-49BF-8DAC-AAF518EEB9AC}"
EndProject
Project("{FAE04EC0-301F-11D3-BF4B-00C04F79EFBC}") = "WebAPI", "src\erpaKablo\WebAPI\WebAPI.csproj", "{335E5A61-FAE0-4D8E-867E-4758F33E5AFC}"
EndProject
Project("{FAE04EC0-301F-11D3-BF4B-00C04F79EFBC}") = "SignalR", "src\erpaKablo\SignalR\SignalR.csproj", "{80FF45B9-2AB9-4233-BB7E-6ADDE107B711}"
EndProject
Global
	GlobalSection(SolutionConfigurationPlatforms) = preSolution
		Debug|Any CPU = Debug|Any CPU
		Release|Any CPU = Release|Any CPU
	EndGlobalSection
	GlobalSection(NestedProjects) = preSolution
		{61C4D6FC-8E1D-4EED-BB36-83F7129713FD} = {59DC11A8-AD07-4D97-9581-8F3EF8BECAB9}
		{36EC732C-D5E0-463D-845F-FE49E5069761} = {59DC11A8-AD07-4D97-9581-8F3EF8BECAB9}
		{57900ABE-768D-4B7C-8664-CC981D7062D5} = {61C4D6FC-8E1D-4EED-BB36-83F7129713FD}
		{468E0103-8777-4CA8-885C-2AB7EE3357A6} = {61C4D6FC-8E1D-4EED-BB36-83F7129713FD}
		{763D8148-148B-4B5E-9295-11ADB7ED3319} = {36EC732C-D5E0-463D-845F-FE49E5069761}
		{99B527E2-810E-410A-858A-DAD08819FC13} = {36EC732C-D5E0-463D-845F-FE49E5069761}
		{BE9AD1BA-34A3-4201-8473-C5E38F8E5C5E} = {36EC732C-D5E0-463D-845F-FE49E5069761}
		{53E5AE57-8089-41C9-977D-B729A76DAC99} = {36EC732C-D5E0-463D-845F-FE49E5069761}
		{B9425E1B-66DE-49BF-8DAC-AAF518EEB9AC} = {61C4D6FC-8E1D-4EED-BB36-83F7129713FD}
		{335E5A61-FAE0-4D8E-867E-4758F33E5AFC} = {36EC732C-D5E0-463D-845F-FE49E5069761}
		{80FF45B9-2AB9-4233-BB7E-6ADDE107B711} = {36EC732C-D5E0-463D-845F-FE49E5069761}
	EndGlobalSection
	GlobalSection(ProjectConfigurationPlatforms) = postSolution
		{57900ABE-768D-4B7C-8664-CC981D7062D5}.Debug|Any CPU.ActiveCfg = Debug|Any CPU
		{57900ABE-768D-4B7C-8664-CC981D7062D5}.Debug|Any CPU.Build.0 = Debug|Any CPU
		{57900ABE-768D-4B7C-8664-CC981D7062D5}.Release|Any CPU.ActiveCfg = Release|Any CPU
		{57900ABE-768D-4B7C-8664-CC981D7062D5}.Release|Any CPU.Build.0 = Release|Any CPU
		{468E0103-8777-4CA8-885C-2AB7EE3357A6}.Debug|Any CPU.ActiveCfg = Debug|Any CPU
		{468E0103-8777-4CA8-885C-2AB7EE3357A6}.Debug|Any CPU.Build.0 = Debug|Any CPU
		{468E0103-8777-4CA8-885C-2AB7EE3357A6}.Release|Any CPU.ActiveCfg = Release|Any CPU
		{468E0103-8777-4CA8-885C-2AB7EE3357A6}.Release|Any CPU.Build.0 = Release|Any CPU
		{763D8148-148B-4B5E-9295-11ADB7ED3319}.Debug|Any CPU.ActiveCfg = Debug|Any CPU
		{763D8148-148B-4B5E-9295-11ADB7ED3319}.Debug|Any CPU.Build.0 = Debug|Any CPU
		{763D8148-148B-4B5E-9295-11ADB7ED3319}.Release|Any CPU.ActiveCfg = Release|Any CPU
		{763D8148-148B-4B5E-9295-11ADB7ED3319}.Release|Any CPU.Build.0 = Release|Any CPU
		{99B527E2-810E-410A-858A-DAD08819FC13}.Debug|Any CPU.ActiveCfg = Debug|Any CPU
		{99B527E2-810E-410A-858A-DAD08819FC13}.Debug|Any CPU.Build.0 = Debug|Any CPU
		{99B527E2-810E-410A-858A-DAD08819FC13}.Release|Any CPU.ActiveCfg = Release|Any CPU
		{99B527E2-810E-410A-858A-DAD08819FC13}.Release|Any CPU.Build.0 = Release|Any CPU
		{BE9AD1BA-34A3-4201-8473-C5E38F8E5C5E}.Debug|Any CPU.ActiveCfg = Debug|Any CPU
		{BE9AD1BA-34A3-4201-8473-C5E38F8E5C5E}.Debug|Any CPU.Build.0 = Debug|Any CPU
		{BE9AD1BA-34A3-4201-8473-C5E38F8E5C5E}.Release|Any CPU.ActiveCfg = Release|Any CPU
		{BE9AD1BA-34A3-4201-8473-C5E38F8E5C5E}.Release|Any CPU.Build.0 = Release|Any CPU
		{53E5AE57-8089-41C9-977D-B729A76DAC99}.Debug|Any CPU.ActiveCfg = Debug|Any CPU
		{53E5AE57-8089-41C9-977D-B729A76DAC99}.Debug|Any CPU.Build.0 = Debug|Any CPU
		{53E5AE57-8089-41C9-977D-B729A76DAC99}.Release|Any CPU.ActiveCfg = Release|Any CPU
		{53E5AE57-8089-41C9-977D-B729A76DAC99}.Release|Any CPU.Build.0 = Release|Any CPU
		{B9425E1B-66DE-49BF-8DAC-AAF518EEB9AC}.Debug|Any CPU.ActiveCfg = Debug|Any CPU
		{B9425E1B-66DE-49BF-8DAC-AAF518EEB9AC}.Debug|Any CPU.Build.0 = Debug|Any CPU
		{B9425E1B-66DE-49BF-8DAC-AAF518EEB9AC}.Release|Any CPU.ActiveCfg = Release|Any CPU
		{B9425E1B-66DE-49BF-8DAC-AAF518EEB9AC}.Release|Any CPU.Build.0 = Release|Any CPU
		{335E5A61-FAE0-4D8E-867E-4758F33E5AFC}.Debug|Any CPU.ActiveCfg = Debug|Any CPU
		{335E5A61-FAE0-4D8E-867E-4758F33E5AFC}.Debug|Any CPU.Build.0 = Debug|Any CPU
		{335E5A61-FAE0-4D8E-867E-4758F33E5AFC}.Release|Any CPU.ActiveCfg = Release|Any CPU
		{335E5A61-FAE0-4D8E-867E-4758F33E5AFC}.Release|Any CPU.Build.0 = Release|Any CPU
		{80FF45B9-2AB9-4233-BB7E-6ADDE107B711}.Debug|Any CPU.ActiveCfg = Debug|Any CPU
		{80FF45B9-2AB9-4233-BB7E-6ADDE107B711}.Debug|Any CPU.Build.0 = Debug|Any CPU
		{80FF45B9-2AB9-4233-BB7E-6ADDE107B711}.Release|Any CPU.ActiveCfg = Release|Any CPU
		{80FF45B9-2AB9-4233-BB7E-6ADDE107B711}.Release|Any CPU.Build.0 = Release|Any CPU
	EndGlobalSection
EndGlobal
